
Microsoft Visual Studio Solution File, Format Version 12.00
# Visual Studio 15
VisualStudioVersion = 15.0.27130.2010
MinimumVisualStudioVersion = 10.0.40219.1
Project("{FAE04EC0-301F-11D3-BF4B-00C04F79EFBC}") = "MiffTheFox.StringExt", "MiffTheFox.StringExt\MiffTheFox.StringExt.csproj", "{65ECFB67-B0D8-4046-B148-888500E8A015}"
EndProject
Project("{2150E333-8FDC-42A3-9474-1A3956D46DE8}") = "Solution Items", "Solution Items", "{909CA031-F9C3-4E8A-ACBA-FFE8D17E4005}"
	ProjectSection(SolutionItems) = preProject
		LICENSE.md = LICENSE.md
		README.md = README.md
	EndProjectSection
EndProject
Global
	GlobalSection(SolutionConfigurationPlatforms) = preSolution
		Debug|Any CPU = Debug|Any CPU
		Release|Any CPU = Release|Any CPU
	EndGlobalSection
	GlobalSection(ProjectConfigurationPlatforms) = postSolution
		{65ECFB67-B0D8-4046-B148-888500E8A015}.Debug|Any CPU.ActiveCfg = Debug|Any CPU
		{65ECFB67-B0D8-4046-B148-888500E8A015}.Debug|Any CPU.Build.0 = Debug|Any CPU
		{65ECFB67-B0D8-4046-B148-888500E8A015}.Release|Any CPU.ActiveCfg = Release|Any CPU
		{65ECFB67-B0D8-4046-B148-888500E8A015}.Release|Any CPU.Build.0 = Release|Any CPU
	EndGlobalSection
	GlobalSection(SolutionProperties) = preSolution
		HideSolutionNode = FALSE
	EndGlobalSection
	GlobalSection(ExtensibilityGlobals) = postSolution
		SolutionGuid = {C41A9A4A-2372-4A31-A413-F130AA80015A}
	EndGlobalSection
EndGlobal
